// !$*UTF8*$!
{
	archiveVersion = 1;
	classes = {
	};
	objectVersion = 51;
	objects = {

/* Begin PBXBuildFile section */
		7ADE29F15DBB14EEA8D67C3D /* Pods_ShopPickup.framework in Frameworks */ = {isa = PBXBuildFile; fileRef = 262A10F48AEC0ABCE1454AB8 /* Pods_ShopPickup.framework */; };
		A6C5282528C2BB4650600E52 /* Pods_ShopPickup_ShopPickupUITests.framework in Frameworks */ = {isa = PBXBuildFile; fileRef = 6F800B293563370D99874713 /* Pods_ShopPickup_ShopPickupUITests.framework */; };
		DDBA5D12252AD5F20016A39A /* AppDelegate.swift in Sources */ = {isa = PBXBuildFile; fileRef = DDBA5D11252AD5F20016A39A /* AppDelegate.swift */; };
		DDBA5D14252AD5F20016A39A /* SceneDelegate.swift in Sources */ = {isa = PBXBuildFile; fileRef = DDBA5D13252AD5F20016A39A /* SceneDelegate.swift */; };
		DDBA5D19252AD5F20016A39A /* Main.storyboard in Resources */ = {isa = PBXBuildFile; fileRef = DDBA5D17252AD5F20016A39A /* Main.storyboard */; };
		DDBA5D1B252AD5F40016A39A /* Assets.xcassets in Resources */ = {isa = PBXBuildFile; fileRef = DDBA5D1A252AD5F40016A39A /* Assets.xcassets */; };
		DDBA5D1E252AD5F40016A39A /* LaunchScreen.storyboard in Resources */ = {isa = PBXBuildFile; fileRef = DDBA5D1C252AD5F40016A39A /* LaunchScreen.storyboard */; };
		DDBA5D29252AD5F40016A39A /* ShopPickupTests.swift in Sources */ = {isa = PBXBuildFile; fileRef = DDBA5D28252AD5F40016A39A /* ShopPickupTests.swift */; };
		DDBA5D34252AD5F40016A39A /* ShopPickupUITests.swift in Sources */ = {isa = PBXBuildFile; fileRef = DDBA5D33252AD5F40016A39A /* ShopPickupUITests.swift */; };
		DDBA5D54252B08C90016A39A /* PickupViewController.swift in Sources */ = {isa = PBXBuildFile; fileRef = DDBA5D53252B08C90016A39A /* PickupViewController.swift */; };
		DDBA5D5D252B093A0016A39A /* PickupCell.swift in Sources */ = {isa = PBXBuildFile; fileRef = DDBA5D5C252B093A0016A39A /* PickupCell.swift */; };
		DDBA5D63252B60D80016A39A /* Pickup.swift in Sources */ = {isa = PBXBuildFile; fileRef = DDBA5D62252B60D80016A39A /* Pickup.swift */; };
		DDBA5D69252B64EF0016A39A /* CodableResponse.swift in Sources */ = {isa = PBXBuildFile; fileRef = DDBA5D68252B64EF0016A39A /* CodableResponse.swift */; };
		DDBA5D6E252B66410016A39A /* Pomelo.swift in Sources */ = {isa = PBXBuildFile; fileRef = DDBA5D6D252B66410016A39A /* Pomelo.swift */; };
		DDBA5D76252B77ED0016A39A /* PickupViewModel.swift in Sources */ = {isa = PBXBuildFile; fileRef = DDBA5D75252B77ED0016A39A /* PickupViewModel.swift */; };
		DDBA5D7D252B783C0016A39A /* PickupLocationUseCase.swift in Sources */ = {isa = PBXBuildFile; fileRef = DDBA5D7C252B783C0016A39A /* PickupLocationUseCase.swift */; };
		DDBA5D82252B78520016A39A /* PickupLocationRepository.swift in Sources */ = {isa = PBXBuildFile; fileRef = DDBA5D81252B78520016A39A /* PickupLocationRepository.swift */; };
		F721C9BC411937BCEDF91796 /* Pods_ShopPickupTests.framework in Frameworks */ = {isa = PBXBuildFile; fileRef = D589B8077311BBA83293F60A /* Pods_ShopPickupTests.framework */; };
/* End PBXBuildFile section */

/* Begin PBXContainerItemProxy section */
		DDBA5D25252AD5F40016A39A /* PBXContainerItemProxy */ = {
			isa = PBXContainerItemProxy;
			containerPortal = DDBA5D06252AD5F20016A39A /* Project object */;
			proxyType = 1;
			remoteGlobalIDString = DDBA5D0D252AD5F20016A39A;
			remoteInfo = ShopPickup;
		};
		DDBA5D30252AD5F40016A39A /* PBXContainerItemProxy */ = {
			isa = PBXContainerItemProxy;
			containerPortal = DDBA5D06252AD5F20016A39A /* Project object */;
			proxyType = 1;
			remoteGlobalIDString = DDBA5D0D252AD5F20016A39A;
			remoteInfo = ShopPickup;
		};
/* End PBXContainerItemProxy section */

/* Begin PBXFileReference section */
		1031A4490A899D48FEAF698D /* Pods-ShopPickupTests.release.xcconfig */ = {isa = PBXFileReference; includeInIndex = 1; lastKnownFileType = text.xcconfig; name = "Pods-ShopPickupTests.release.xcconfig"; path = "Target Support Files/Pods-ShopPickupTests/Pods-ShopPickupTests.release.xcconfig"; sourceTree = "<group>"; };
		2043A82B64A95D4EB8458949 /* Pods-ShopPickupTests.debug.xcconfig */ = {isa = PBXFileReference; includeInIndex = 1; lastKnownFileType = text.xcconfig; name = "Pods-ShopPickupTests.debug.xcconfig"; path = "Target Support Files/Pods-ShopPickupTests/Pods-ShopPickupTests.debug.xcconfig"; sourceTree = "<group>"; };
		262A10F48AEC0ABCE1454AB8 /* Pods_ShopPickup.framework */ = {isa = PBXFileReference; explicitFileType = wrapper.framework; includeInIndex = 0; path = Pods_ShopPickup.framework; sourceTree = BUILT_PRODUCTS_DIR; };
		26FE360BEC3633BF2B210DEE /* Pods-ShopPickup-ShopPickupUITests.release.xcconfig */ = {isa = PBXFileReference; includeInIndex = 1; lastKnownFileType = text.xcconfig; name = "Pods-ShopPickup-ShopPickupUITests.release.xcconfig"; path = "Target Support Files/Pods-ShopPickup-ShopPickupUITests/Pods-ShopPickup-ShopPickupUITests.release.xcconfig"; sourceTree = "<group>"; };
		3F5048BC6C5AF6DE081F0B4C /* Pods-ShopPickup.release.xcconfig */ = {isa = PBXFileReference; includeInIndex = 1; lastKnownFileType = text.xcconfig; name = "Pods-ShopPickup.release.xcconfig"; path = "Target Support Files/Pods-ShopPickup/Pods-ShopPickup.release.xcconfig"; sourceTree = "<group>"; };
		4CC8B5B5ED425FBE7A5A0605 /* Pods-ShopPickup-ShopPickupUITests.debug.xcconfig */ = {isa = PBXFileReference; includeInIndex = 1; lastKnownFileType = text.xcconfig; name = "Pods-ShopPickup-ShopPickupUITests.debug.xcconfig"; path = "Target Support Files/Pods-ShopPickup-ShopPickupUITests/Pods-ShopPickup-ShopPickupUITests.debug.xcconfig"; sourceTree = "<group>"; };
		6F800B293563370D99874713 /* Pods_ShopPickup_ShopPickupUITests.framework */ = {isa = PBXFileReference; explicitFileType = wrapper.framework; includeInIndex = 0; path = Pods_ShopPickup_ShopPickupUITests.framework; sourceTree = BUILT_PRODUCTS_DIR; };
		8B7A68ADEE1E16C3879737D0 /* Pods-ShopPickup.debug.xcconfig */ = {isa = PBXFileReference; includeInIndex = 1; lastKnownFileType = text.xcconfig; name = "Pods-ShopPickup.debug.xcconfig"; path = "Target Support Files/Pods-ShopPickup/Pods-ShopPickup.debug.xcconfig"; sourceTree = "<group>"; };
		D589B8077311BBA83293F60A /* Pods_ShopPickupTests.framework */ = {isa = PBXFileReference; explicitFileType = wrapper.framework; includeInIndex = 0; path = Pods_ShopPickupTests.framework; sourceTree = BUILT_PRODUCTS_DIR; };
		DDBA5D0E252AD5F20016A39A /* ShopPickup.app */ = {isa = PBXFileReference; explicitFileType = wrapper.application; includeInIndex = 0; path = ShopPickup.app; sourceTree = BUILT_PRODUCTS_DIR; };
		DDBA5D11252AD5F20016A39A /* AppDelegate.swift */ = {isa = PBXFileReference; lastKnownFileType = sourcecode.swift; path = AppDelegate.swift; sourceTree = "<group>"; };
		DDBA5D13252AD5F20016A39A /* SceneDelegate.swift */ = {isa = PBXFileReference; lastKnownFileType = sourcecode.swift; path = SceneDelegate.swift; sourceTree = "<group>"; };
		DDBA5D18252AD5F20016A39A /* Base */ = {isa = PBXFileReference; lastKnownFileType = file.storyboard; name = Base; path = Base.lproj/Main.storyboard; sourceTree = "<group>"; };
		DDBA5D1A252AD5F40016A39A /* Assets.xcassets */ = {isa = PBXFileReference; lastKnownFileType = folder.assetcatalog; path = Assets.xcassets; sourceTree = "<group>"; };
		DDBA5D1D252AD5F40016A39A /* Base */ = {isa = PBXFileReference; lastKnownFileType = file.storyboard; name = Base; path = Base.lproj/LaunchScreen.storyboard; sourceTree = "<group>"; };
		DDBA5D1F252AD5F40016A39A /* Info.plist */ = {isa = PBXFileReference; lastKnownFileType = text.plist.xml; path = Info.plist; sourceTree = "<group>"; };
		DDBA5D24252AD5F40016A39A /* ShopPickupTests.xctest */ = {isa = PBXFileReference; explicitFileType = wrapper.cfbundle; includeInIndex = 0; path = ShopPickupTests.xctest; sourceTree = BUILT_PRODUCTS_DIR; };
		DDBA5D28252AD5F40016A39A /* ShopPickupTests.swift */ = {isa = PBXFileReference; lastKnownFileType = sourcecode.swift; path = ShopPickupTests.swift; sourceTree = "<group>"; };
		DDBA5D2A252AD5F40016A39A /* Info.plist */ = {isa = PBXFileReference; lastKnownFileType = text.plist.xml; path = Info.plist; sourceTree = "<group>"; };
		DDBA5D2F252AD5F40016A39A /* ShopPickupUITests.xctest */ = {isa = PBXFileReference; explicitFileType = wrapper.cfbundle; includeInIndex = 0; path = ShopPickupUITests.xctest; sourceTree = BUILT_PRODUCTS_DIR; };
		DDBA5D33252AD5F40016A39A /* ShopPickupUITests.swift */ = {isa = PBXFileReference; lastKnownFileType = sourcecode.swift; path = ShopPickupUITests.swift; sourceTree = "<group>"; };
		DDBA5D35252AD5F40016A39A /* Info.plist */ = {isa = PBXFileReference; lastKnownFileType = text.plist.xml; path = Info.plist; sourceTree = "<group>"; };
		DDBA5D53252B08C90016A39A /* PickupViewController.swift */ = {isa = PBXFileReference; lastKnownFileType = sourcecode.swift; path = PickupViewController.swift; sourceTree = "<group>"; };
		DDBA5D5C252B093A0016A39A /* PickupCell.swift */ = {isa = PBXFileReference; lastKnownFileType = sourcecode.swift; path = PickupCell.swift; sourceTree = "<group>"; };
		DDBA5D62252B60D80016A39A /* Pickup.swift */ = {isa = PBXFileReference; lastKnownFileType = sourcecode.swift; path = Pickup.swift; sourceTree = "<group>"; };
		DDBA5D68252B64EF0016A39A /* CodableResponse.swift */ = {isa = PBXFileReference; lastKnownFileType = sourcecode.swift; path = CodableResponse.swift; sourceTree = "<group>"; };
		DDBA5D6D252B66410016A39A /* Pomelo.swift */ = {isa = PBXFileReference; lastKnownFileType = sourcecode.swift; path = Pomelo.swift; sourceTree = "<group>"; };
		DDBA5D75252B77ED0016A39A /* PickupViewModel.swift */ = {isa = PBXFileReference; lastKnownFileType = sourcecode.swift; path = PickupViewModel.swift; sourceTree = "<group>"; };
		DDBA5D7C252B783C0016A39A /* PickupLocationUseCase.swift */ = {isa = PBXFileReference; lastKnownFileType = sourcecode.swift; path = PickupLocationUseCase.swift; sourceTree = "<group>"; };
		DDBA5D81252B78520016A39A /* PickupLocationRepository.swift */ = {isa = PBXFileReference; lastKnownFileType = sourcecode.swift; path = PickupLocationRepository.swift; sourceTree = "<group>"; };
/* End PBXFileReference section */

/* Begin PBXFrameworksBuildPhase section */
		DDBA5D0B252AD5F20016A39A /* Frameworks */ = {
			isa = PBXFrameworksBuildPhase;
			buildActionMask = 2147483647;
			files = (
				7ADE29F15DBB14EEA8D67C3D /* Pods_ShopPickup.framework in Frameworks */,
			);
			runOnlyForDeploymentPostprocessing = 0;
		};
		DDBA5D21252AD5F40016A39A /* Frameworks */ = {
			isa = PBXFrameworksBuildPhase;
			buildActionMask = 2147483647;
			files = (
				F721C9BC411937BCEDF91796 /* Pods_ShopPickupTests.framework in Frameworks */,
			);
			runOnlyForDeploymentPostprocessing = 0;
		};
		DDBA5D2C252AD5F40016A39A /* Frameworks */ = {
			isa = PBXFrameworksBuildPhase;
			buildActionMask = 2147483647;
			files = (
				A6C5282528C2BB4650600E52 /* Pods_ShopPickup_ShopPickupUITests.framework in Frameworks */,
			);
			runOnlyForDeploymentPostprocessing = 0;
		};
/* End PBXFrameworksBuildPhase section */

/* Begin PBXGroup section */
		7A5E1195447D4E6F6175067A /* Pods */ = {
			isa = PBXGroup;
			children = (
				8B7A68ADEE1E16C3879737D0 /* Pods-ShopPickup.debug.xcconfig */,
				3F5048BC6C5AF6DE081F0B4C /* Pods-ShopPickup.release.xcconfig */,
				4CC8B5B5ED425FBE7A5A0605 /* Pods-ShopPickup-ShopPickupUITests.debug.xcconfig */,
				26FE360BEC3633BF2B210DEE /* Pods-ShopPickup-ShopPickupUITests.release.xcconfig */,
				2043A82B64A95D4EB8458949 /* Pods-ShopPickupTests.debug.xcconfig */,
				1031A4490A899D48FEAF698D /* Pods-ShopPickupTests.release.xcconfig */,
			);
			path = Pods;
			sourceTree = "<group>";
		};
		DDBA5D05252AD5F20016A39A = {
			isa = PBXGroup;
			children = (
				DDBA5D10252AD5F20016A39A /* ShopPickup */,
				DDBA5D27252AD5F40016A39A /* ShopPickupTests */,
				DDBA5D32252AD5F40016A39A /* ShopPickupUITests */,
				DDBA5D0F252AD5F20016A39A /* Products */,
				7A5E1195447D4E6F6175067A /* Pods */,
				DF14E989DB4F6545C693EDA2 /* Frameworks */,
			);
			sourceTree = "<group>";
		};
		DDBA5D0F252AD5F20016A39A /* Products */ = {
			isa = PBXGroup;
			children = (
				DDBA5D0E252AD5F20016A39A /* ShopPickup.app */,
				DDBA5D24252AD5F40016A39A /* ShopPickupTests.xctest */,
				DDBA5D2F252AD5F40016A39A /* ShopPickupUITests.xctest */,
			);
			name = Products;
			sourceTree = "<group>";
		};
		DDBA5D10252AD5F20016A39A /* ShopPickup */ = {
			isa = PBXGroup;
			children = (
				DDBA5D7B252B78140016A39A /* Repositories */,
				DDBA5D7A252B77F70016A39A /* UseCases */,
				DDBA5D67252B64980016A39A /* Network */,
				DDBA5D61252B60C80016A39A /* Models */,
				DDBA5D52252B08AE0016A39A /* Views */,
				DDBA5D11252AD5F20016A39A /* AppDelegate.swift */,
				DDBA5D13252AD5F20016A39A /* SceneDelegate.swift */,
				DDBA5D17252AD5F20016A39A /* Main.storyboard */,
				DDBA5D1A252AD5F40016A39A /* Assets.xcassets */,
				DDBA5D1C252AD5F40016A39A /* LaunchScreen.storyboard */,
				DDBA5D1F252AD5F40016A39A /* Info.plist */,
			);
			path = ShopPickup;
			sourceTree = "<group>";
		};
		DDBA5D27252AD5F40016A39A /* ShopPickupTests */ = {
			isa = PBXGroup;
			children = (
				DDBA5D28252AD5F40016A39A /* ShopPickupTests.swift */,
				DDBA5D2A252AD5F40016A39A /* Info.plist */,
			);
			path = ShopPickupTests;
			sourceTree = "<group>";
		};
		DDBA5D32252AD5F40016A39A /* ShopPickupUITests */ = {
			isa = PBXGroup;
			children = (
				DDBA5D33252AD5F40016A39A /* ShopPickupUITests.swift */,
				DDBA5D35252AD5F40016A39A /* Info.plist */,
			);
			path = ShopPickupUITests;
			sourceTree = "<group>";
		};
		DDBA5D52252B08AE0016A39A /* Views */ = {
			isa = PBXGroup;
			children = (
				DDBA5D5B252B091D0016A39A /* Cells */,
				DDBA5D53252B08C90016A39A /* PickupViewController.swift */,
				DDBA5D75252B77ED0016A39A /* PickupViewModel.swift */,
			);
			path = Views;
			sourceTree = "<group>";
		};
		DDBA5D5B252B091D0016A39A /* Cells */ = {
			isa = PBXGroup;
			children = (
				DDBA5D5C252B093A0016A39A /* PickupCell.swift */,
			);
			path = Cells;
			sourceTree = "<group>";
		};
		DDBA5D61252B60C80016A39A /* Models */ = {
			isa = PBXGroup;
			children = (
				DDBA5D62252B60D80016A39A /* Pickup.swift */,
			);
			path = Models;
			sourceTree = "<group>";
		};
		DDBA5D67252B64980016A39A /* Network */ = {
			isa = PBXGroup;
			children = (
				DDBA5D68252B64EF0016A39A /* CodableResponse.swift */,
				DDBA5D6D252B66410016A39A /* Pomelo.swift */,
			);
			path = Network;
			sourceTree = "<group>";
		};
		DDBA5D7A252B77F70016A39A /* UseCases */ = {
			isa = PBXGroup;
			children = (
				DDBA5D7C252B783C0016A39A /* PickupLocationUseCase.swift */,
			);
			path = UseCases;
			sourceTree = "<group>";
		};
		DDBA5D7B252B78140016A39A /* Repositories */ = {
			isa = PBXGroup;
			children = (
				DDBA5D81252B78520016A39A /* PickupLocationRepository.swift */,
			);
			path = Repositories;
			sourceTree = "<group>";
		};
		DF14E989DB4F6545C693EDA2 /* Frameworks */ = {
			isa = PBXGroup;
			children = (
				262A10F48AEC0ABCE1454AB8 /* Pods_ShopPickup.framework */,
				6F800B293563370D99874713 /* Pods_ShopPickup_ShopPickupUITests.framework */,
				D589B8077311BBA83293F60A /* Pods_ShopPickupTests.framework */,
			);
			name = Frameworks;
			sourceTree = "<group>";
		};
/* End PBXGroup section */

/* Begin PBXNativeTarget section */
		DDBA5D0D252AD5F20016A39A /* ShopPickup */ = {
			isa = PBXNativeTarget;
			buildConfigurationList = DDBA5D38252AD5F40016A39A /* Build configuration list for PBXNativeTarget "ShopPickup" */;
			buildPhases = (
				A3EDD778CD79B19B3614E779 /* [CP] Check Pods Manifest.lock */,
				DDBA5D0A252AD5F20016A39A /* Sources */,
				DDBA5D0B252AD5F20016A39A /* Frameworks */,
				DDBA5D0C252AD5F20016A39A /* Resources */,
				EDE1C4A68EC694A71DB8BA56 /* [CP] Embed Pods Frameworks */,
			);
			buildRules = (
			);
			dependencies = (
			);
			name = ShopPickup;
			productName = ShopPickup;
			productReference = DDBA5D0E252AD5F20016A39A /* ShopPickup.app */;
			productType = "com.apple.product-type.application";
		};
		DDBA5D23252AD5F40016A39A /* ShopPickupTests */ = {
			isa = PBXNativeTarget;
			buildConfigurationList = DDBA5D3B252AD5F40016A39A /* Build configuration list for PBXNativeTarget "ShopPickupTests" */;
			buildPhases = (
				7AF5759474AE25A257578219 /* [CP] Check Pods Manifest.lock */,
				DDBA5D20252AD5F40016A39A /* Sources */,
				DDBA5D21252AD5F40016A39A /* Frameworks */,
				DDBA5D22252AD5F40016A39A /* Resources */,
			);
			buildRules = (
			);
			dependencies = (
				DDBA5D26252AD5F40016A39A /* PBXTargetDependency */,
			);
			name = ShopPickupTests;
			productName = ShopPickupTests;
			productReference = DDBA5D24252AD5F40016A39A /* ShopPickupTests.xctest */;
			productType = "com.apple.product-type.bundle.unit-test";
		};
		DDBA5D2E252AD5F40016A39A /* ShopPickupUITests */ = {
			isa = PBXNativeTarget;
			buildConfigurationList = DDBA5D3E252AD5F40016A39A /* Build configuration list for PBXNativeTarget "ShopPickupUITests" */;
			buildPhases = (
				77436D7FCA5757CCDC43EFDD /* [CP] Check Pods Manifest.lock */,
				DDBA5D2B252AD5F40016A39A /* Sources */,
				DDBA5D2C252AD5F40016A39A /* Frameworks */,
				DDBA5D2D252AD5F40016A39A /* Resources */,
				081AADB0EB9B58E09D8DB7F0 /* [CP] Embed Pods Frameworks */,
			);
			buildRules = (
			);
			dependencies = (
				DDBA5D31252AD5F40016A39A /* PBXTargetDependency */,
			);
			name = ShopPickupUITests;
			productName = ShopPickupUITests;
			productReference = DDBA5D2F252AD5F40016A39A /* ShopPickupUITests.xctest */;
			productType = "com.apple.product-type.bundle.ui-testing";
		};
/* End PBXNativeTarget section */

/* Begin PBXProject section */
		DDBA5D06252AD5F20016A39A /* Project object */ = {
			isa = PBXProject;
			attributes = {
				LastSwiftUpdateCheck = 1200;
				LastUpgradeCheck = 1200;
				TargetAttributes = {
					DDBA5D0D252AD5F20016A39A = {
						CreatedOnToolsVersion = 12.0.1;
					};
					DDBA5D23252AD5F40016A39A = {
						CreatedOnToolsVersion = 12.0.1;
						TestTargetID = DDBA5D0D252AD5F20016A39A;
					};
					DDBA5D2E252AD5F40016A39A = {
						CreatedOnToolsVersion = 12.0.1;
						TestTargetID = DDBA5D0D252AD5F20016A39A;
					};
				};
			};
			buildConfigurationList = DDBA5D09252AD5F20016A39A /* Build configuration list for PBXProject "ShopPickup" */;
			compatibilityVersion = "Xcode 9.3";
			developmentRegion = en;
			hasScannedForEncodings = 0;
			knownRegions = (
				en,
				Base,
			);
			mainGroup = DDBA5D05252AD5F20016A39A;
			productRefGroup = DDBA5D0F252AD5F20016A39A /* Products */;
			projectDirPath = "";
			projectRoot = "";
			targets = (
				DDBA5D0D252AD5F20016A39A /* ShopPickup */,
				DDBA5D23252AD5F40016A39A /* ShopPickupTests */,
				DDBA5D2E252AD5F40016A39A /* ShopPickupUITests */,
			);
		};
/* End PBXProject section */

/* Begin PBXResourcesBuildPhase section */
		DDBA5D0C252AD5F20016A39A /* Resources */ = {
			isa = PBXResourcesBuildPhase;
			buildActionMask = 2147483647;
			files = (
				DDBA5D1E252AD5F40016A39A /* LaunchScreen.storyboard in Resources */,
				DDBA5D1B252AD5F40016A39A /* Assets.xcassets in Resources */,
				DDBA5D19252AD5F20016A39A /* Main.storyboard in Resources */,
			);
			runOnlyForDeploymentPostprocessing = 0;
		};
		DDBA5D22252AD5F40016A39A /* Resources */ = {
			isa = PBXResourcesBuildPhase;
			buildActionMask = 2147483647;
			files = (
			);
			runOnlyForDeploymentPostprocessing = 0;
		};
		DDBA5D2D252AD5F40016A39A /* Resources */ = {
			isa = PBXResourcesBuildPhase;
			buildActionMask = 2147483647;
			files = (
			);
			runOnlyForDeploymentPostprocessing = 0;
		};
/* End PBXResourcesBuildPhase section */

/* Begin PBXShellScriptBuildPhase section */
		081AADB0EB9B58E09D8DB7F0 /* [CP] Embed Pods Frameworks */ = {
			isa = PBXShellScriptBuildPhase;
			buildActionMask = 2147483647;
			files = (
			);
			inputFileListPaths = (
				"${PODS_ROOT}/Target Support Files/Pods-ShopPickup-ShopPickupUITests/Pods-ShopPickup-ShopPickupUITests-frameworks-${CONFIGURATION}-input-files.xcfilelist",
			);
			name = "[CP] Embed Pods Frameworks";
			outputFileListPaths = (
				"${PODS_ROOT}/Target Support Files/Pods-ShopPickup-ShopPickupUITests/Pods-ShopPickup-ShopPickupUITests-frameworks-${CONFIGURATION}-output-files.xcfilelist",
			);
			runOnlyForDeploymentPostprocessing = 0;
			shellPath = /bin/sh;
			shellScript = "\"${PODS_ROOT}/Target Support Files/Pods-ShopPickup-ShopPickupUITests/Pods-ShopPickup-ShopPickupUITests-frameworks.sh\"\n";
			showEnvVarsInLog = 0;
		};
		77436D7FCA5757CCDC43EFDD /* [CP] Check Pods Manifest.lock */ = {
			isa = PBXShellScriptBuildPhase;
			buildActionMask = 2147483647;
			files = (
			);
			inputFileListPaths = (
			);
			inputPaths = (
				"${PODS_PODFILE_DIR_PATH}/Podfile.lock",
				"${PODS_ROOT}/Manifest.lock",
			);
			name = "[CP] Check Pods Manifest.lock";
			outputFileListPaths = (
			);
			outputPaths = (
				"$(DERIVED_FILE_DIR)/Pods-ShopPickup-ShopPickupUITests-checkManifestLockResult.txt",
			);
			runOnlyForDeploymentPostprocessing = 0;
			shellPath = /bin/sh;
			shellScript = "diff \"${PODS_PODFILE_DIR_PATH}/Podfile.lock\" \"${PODS_ROOT}/Manifest.lock\" > /dev/null\nif [ $? != 0 ] ; then\n    # print error to STDERR\n    echo \"error: The sandbox is not in sync with the Podfile.lock. Run 'pod install' or update your CocoaPods installation.\" >&2\n    exit 1\nfi\n# This output is used by Xcode 'outputs' to avoid re-running this script phase.\necho \"SUCCESS\" > \"${SCRIPT_OUTPUT_FILE_0}\"\n";
			showEnvVarsInLog = 0;
		};
		7AF5759474AE25A257578219 /* [CP] Check Pods Manifest.lock */ = {
			isa = PBXShellScriptBuildPhase;
			buildActionMask = 2147483647;
			files = (
			);
			inputFileListPaths = (
			);
			inputPaths = (
				"${PODS_PODFILE_DIR_PATH}/Podfile.lock",
				"${PODS_ROOT}/Manifest.lock",
			);
			name = "[CP] Check Pods Manifest.lock";
			outputFileListPaths = (
			);
			outputPaths = (
				"$(DERIVED_FILE_DIR)/Pods-ShopPickupTests-checkManifestLockResult.txt",
			);
			runOnlyForDeploymentPostprocessing = 0;
			shellPath = /bin/sh;
			shellScript = "diff \"${PODS_PODFILE_DIR_PATH}/Podfile.lock\" \"${PODS_ROOT}/Manifest.lock\" > /dev/null\nif [ $? != 0 ] ; then\n    # print error to STDERR\n    echo \"error: The sandbox is not in sync with the Podfile.lock. Run 'pod install' or update your CocoaPods installation.\" >&2\n    exit 1\nfi\n# This output is used by Xcode 'outputs' to avoid re-running this script phase.\necho \"SUCCESS\" > \"${SCRIPT_OUTPUT_FILE_0}\"\n";
			showEnvVarsInLog = 0;
		};
		A3EDD778CD79B19B3614E779 /* [CP] Check Pods Manifest.lock */ = {
			isa = PBXShellScriptBuildPhase;
			buildActionMask = 2147483647;
			files = (
			);
			inputFileListPaths = (
			);
			inputPaths = (
				"${PODS_PODFILE_DIR_PATH}/Podfile.lock",
				"${PODS_ROOT}/Manifest.lock",
			);
			name = "[CP] Check Pods Manifest.lock";
			outputFileListPaths = (
			);
			outputPaths = (
				"$(DERIVED_FILE_DIR)/Pods-ShopPickup-checkManifestLockResult.txt",
			);
			runOnlyForDeploymentPostprocessing = 0;
			shellPath = /bin/sh;
			shellScript = "diff \"${PODS_PODFILE_DIR_PATH}/Podfile.lock\" \"${PODS_ROOT}/Manifest.lock\" > /dev/null\nif [ $? != 0 ] ; then\n    # print error to STDERR\n    echo \"error: The sandbox is not in sync with the Podfile.lock. Run 'pod install' or update your CocoaPods installation.\" >&2\n    exit 1\nfi\n# This output is used by Xcode 'outputs' to avoid re-running this script phase.\necho \"SUCCESS\" > \"${SCRIPT_OUTPUT_FILE_0}\"\n";
			showEnvVarsInLog = 0;
		};
		EDE1C4A68EC694A71DB8BA56 /* [CP] Embed Pods Frameworks */ = {
			isa = PBXShellScriptBuildPhase;
			buildActionMask = 2147483647;
			files = (
			);
			inputFileListPaths = (
				"${PODS_ROOT}/Target Support Files/Pods-ShopPickup/Pods-ShopPickup-frameworks-${CONFIGURATION}-input-files.xcfilelist",
			);
			name = "[CP] Embed Pods Frameworks";
			outputFileListPaths = (
				"${PODS_ROOT}/Target Support Files/Pods-ShopPickup/Pods-ShopPickup-frameworks-${CONFIGURATION}-output-files.xcfilelist",
			);
			runOnlyForDeploymentPostprocessing = 0;
			shellPath = /bin/sh;
			shellScript = "\"${PODS_ROOT}/Target Support Files/Pods-ShopPickup/Pods-ShopPickup-frameworks.sh\"\n";
			showEnvVarsInLog = 0;
		};
/* End PBXShellScriptBuildPhase section */

/* Begin PBXSourcesBuildPhase section */
		DDBA5D0A252AD5F20016A39A /* Sources */ = {
			isa = PBXSourcesBuildPhase;
			buildActionMask = 2147483647;
			files = (
				DDBA5D54252B08C90016A39A /* PickupViewController.swift in Sources */,
				DDBA5D76252B77ED0016A39A /* PickupViewModel.swift in Sources */,
				DDBA5D5D252B093A0016A39A /* PickupCell.swift in Sources */,
				DDBA5D82252B78520016A39A /* PickupLocationRepository.swift in Sources */,
				DDBA5D7D252B783C0016A39A /* PickupLocationUseCase.swift in Sources */,
				DDBA5D6E252B66410016A39A /* Pomelo.swift in Sources */,
				DDBA5D63252B60D80016A39A /* Pickup.swift in Sources */,
				DDBA5D12252AD5F20016A39A /* AppDelegate.swift in Sources */,
				DDBA5D14252AD5F20016A39A /* SceneDelegate.swift in Sources */,
				DDBA5D69252B64EF0016A39A /* CodableResponse.swift in Sources */,
			);
			runOnlyForDeploymentPostprocessing = 0;
		};
		DDBA5D20252AD5F40016A39A /* Sources */ = {
			isa = PBXSourcesBuildPhase;
			buildActionMask = 2147483647;
			files = (
				DDBA5D29252AD5F40016A39A /* ShopPickupTests.swift in Sources */,
			);
			runOnlyForDeploymentPostprocessing = 0;
		};
		DDBA5D2B252AD5F40016A39A /* Sources */ = {
			isa = PBXSourcesBuildPhase;
			buildActionMask = 2147483647;
			files = (
				DDBA5D34252AD5F40016A39A /* ShopPickupUITests.swift in Sources */,
			);
			runOnlyForDeploymentPostprocessing = 0;
		};
/* End PBXSourcesBuildPhase section */

/* Begin PBXTargetDependency section */
		DDBA5D26252AD5F40016A39A /* PBXTargetDependency */ = {
			isa = PBXTargetDependency;
			target = DDBA5D0D252AD5F20016A39A /* ShopPickup */;
			targetProxy = DDBA5D25252AD5F40016A39A /* PBXContainerItemProxy */;
		};
		DDBA5D31252AD5F40016A39A /* PBXTargetDependency */ = {
			isa = PBXTargetDependency;
			target = DDBA5D0D252AD5F20016A39A /* ShopPickup */;
			targetProxy = DDBA5D30252AD5F40016A39A /* PBXContainerItemProxy */;
		};
/* End PBXTargetDependency section */

/* Begin PBXVariantGroup section */
		DDBA5D17252AD5F20016A39A /* Main.storyboard */ = {
			isa = PBXVariantGroup;
			children = (
				DDBA5D18252AD5F20016A39A /* Base */,
			);
			name = Main.storyboard;
			sourceTree = "<group>";
		};
		DDBA5D1C252AD5F40016A39A /* LaunchScreen.storyboard */ = {
			isa = PBXVariantGroup;
			children = (
				DDBA5D1D252AD5F40016A39A /* Base */,
			);
			name = LaunchScreen.storyboard;
			sourceTree = "<group>";
		};
/* End PBXVariantGroup section */

/* Begin XCBuildConfiguration section */
		DDBA5D36252AD5F40016A39A /* Debug */ = {
			isa = XCBuildConfiguration;
			buildSettings = {
				ALWAYS_SEARCH_USER_PATHS = NO;
				CLANG_ANALYZER_NONNULL = YES;
				CLANG_ANALYZER_NUMBER_OBJECT_CONVERSION = YES_AGGRESSIVE;
				CLANG_CXX_LANGUAGE_STANDARD = "gnu++14";
				CLANG_CXX_LIBRARY = "libc++";
				CLANG_ENABLE_MODULES = YES;
				CLANG_ENABLE_OBJC_ARC = YES;
				CLANG_ENABLE_OBJC_WEAK = YES;
				CLANG_WARN_BLOCK_CAPTURE_AUTORELEASING = YES;
				CLANG_WARN_BOOL_CONVERSION = YES;
				CLANG_WARN_COMMA = YES;
				CLANG_WARN_CONSTANT_CONVERSION = YES;
				CLANG_WARN_DEPRECATED_OBJC_IMPLEMENTATIONS = YES;
				CLANG_WARN_DIRECT_OBJC_ISA_USAGE = YES_ERROR;
				CLANG_WARN_DOCUMENTATION_COMMENTS = YES;
				CLANG_WARN_EMPTY_BODY = YES;
				CLANG_WARN_ENUM_CONVERSION = YES;
				CLANG_WARN_INFINITE_RECURSION = YES;
				CLANG_WARN_INT_CONVERSION = YES;
				CLANG_WARN_NON_LITERAL_NULL_CONVERSION = YES;
				CLANG_WARN_OBJC_IMPLICIT_RETAIN_SELF = YES;
				CLANG_WARN_OBJC_LITERAL_CONVERSION = YES;
				CLANG_WARN_OBJC_ROOT_CLASS = YES_ERROR;
				CLANG_WARN_QUOTED_INCLUDE_IN_FRAMEWORK_HEADER = YES;
				CLANG_WARN_RANGE_LOOP_ANALYSIS = YES;
				CLANG_WARN_STRICT_PROTOTYPES = YES;
				CLANG_WARN_SUSPICIOUS_MOVE = YES;
				CLANG_WARN_UNGUARDED_AVAILABILITY = YES_AGGRESSIVE;
				CLANG_WARN_UNREACHABLE_CODE = YES;
				CLANG_WARN__DUPLICATE_METHOD_MATCH = YES;
				COPY_PHASE_STRIP = NO;
				DEBUG_INFORMATION_FORMAT = dwarf;
				ENABLE_STRICT_OBJC_MSGSEND = YES;
				ENABLE_TESTABILITY = YES;
				GCC_C_LANGUAGE_STANDARD = gnu11;
				GCC_DYNAMIC_NO_PIC = NO;
				GCC_NO_COMMON_BLOCKS = YES;
				GCC_OPTIMIZATION_LEVEL = 0;
				GCC_PREPROCESSOR_DEFINITIONS = (
					"DEBUG=1",
					"$(inherited)",
				);
				GCC_WARN_64_TO_32_BIT_CONVERSION = YES;
				GCC_WARN_ABOUT_RETURN_TYPE = YES_ERROR;
				GCC_WARN_UNDECLARED_SELECTOR = YES;
				GCC_WARN_UNINITIALIZED_AUTOS = YES_AGGRESSIVE;
				GCC_WARN_UNUSED_FUNCTION = YES;
				GCC_WARN_UNUSED_VARIABLE = YES;
				IPHONEOS_DEPLOYMENT_TARGET = 14.0;
				MTL_ENABLE_DEBUG_INFO = INCLUDE_SOURCE;
				MTL_FAST_MATH = YES;
				ONLY_ACTIVE_ARCH = YES;
				SDKROOT = iphoneos;
				SWIFT_ACTIVE_COMPILATION_CONDITIONS = DEBUG;
				SWIFT_OPTIMIZATION_LEVEL = "-Onone";
			};
			name = Debug;
		};
		DDBA5D37252AD5F40016A39A /* Release */ = {
			isa = XCBuildConfiguration;
			buildSettings = {
				ALWAYS_SEARCH_USER_PATHS = NO;
				CLANG_ANALYZER_NONNULL = YES;
				CLANG_ANALYZER_NUMBER_OBJECT_CONVERSION = YES_AGGRESSIVE;
				CLANG_CXX_LANGUAGE_STANDARD = "gnu++14";
				CLANG_CXX_LIBRARY = "libc++";
				CLANG_ENABLE_MODULES = YES;
				CLANG_ENABLE_OBJC_ARC = YES;
				CLANG_ENABLE_OBJC_WEAK = YES;
				CLANG_WARN_BLOCK_CAPTURE_AUTORELEASING = YES;
				CLANG_WARN_BOOL_CONVERSION = YES;
				CLANG_WARN_COMMA = YES;
				CLANG_WARN_CONSTANT_CONVERSION = YES;
				CLANG_WARN_DEPRECATED_OBJC_IMPLEMENTATIONS = YES;
				CLANG_WARN_DIRECT_OBJC_ISA_USAGE = YES_ERROR;
				CLANG_WARN_DOCUMENTATION_COMMENTS = YES;
				CLANG_WARN_EMPTY_BODY = YES;
				CLANG_WARN_ENUM_CONVERSION = YES;
				CLANG_WARN_INFINITE_RECURSION = YES;
				CLANG_WARN_INT_CONVERSION = YES;
				CLANG_WARN_NON_LITERAL_NULL_CONVERSION = YES;
				CLANG_WARN_OBJC_IMPLICIT_RETAIN_SELF = YES;
				CLANG_WARN_OBJC_LITERAL_CONVERSION = YES;
				CLANG_WARN_OBJC_ROOT_CLASS = YES_ERROR;
				CLANG_WARN_QUOTED_INCLUDE_IN_FRAMEWORK_HEADER = YES;
				CLANG_WARN_RANGE_LOOP_ANALYSIS = YES;
				CLANG_WARN_STRICT_PROTOTYPES = YES;
				CLANG_WARN_SUSPICIOUS_MOVE = YES;
				CLANG_WARN_UNGUARDED_AVAILABILITY = YES_AGGRESSIVE;
				CLANG_WARN_UNREACHABLE_CODE = YES;
				CLANG_WARN__DUPLICATE_METHOD_MATCH = YES;
				COPY_PHASE_STRIP = NO;
				DEBUG_INFORMATION_FORMAT = "dwarf-with-dsym";
				ENABLE_NS_ASSERTIONS = NO;
				ENABLE_STRICT_OBJC_MSGSEND = YES;
				GCC_C_LANGUAGE_STANDARD = gnu11;
				GCC_NO_COMMON_BLOCKS = YES;
				GCC_WARN_64_TO_32_BIT_CONVERSION = YES;
				GCC_WARN_ABOUT_RETURN_TYPE = YES_ERROR;
				GCC_WARN_UNDECLARED_SELECTOR = YES;
				GCC_WARN_UNINITIALIZED_AUTOS = YES_AGGRESSIVE;
				GCC_WARN_UNUSED_FUNCTION = YES;
				GCC_WARN_UNUSED_VARIABLE = YES;
				IPHONEOS_DEPLOYMENT_TARGET = 14.0;
				MTL_ENABLE_DEBUG_INFO = NO;
				MTL_FAST_MATH = YES;
				SDKROOT = iphoneos;
				SWIFT_COMPILATION_MODE = wholemodule;
				SWIFT_OPTIMIZATION_LEVEL = "-O";
				VALIDATE_PRODUCT = YES;
			};
			name = Release;
		};
		DDBA5D39252AD5F40016A39A /* Debug */ = {
			isa = XCBuildConfiguration;
			baseConfigurationReference = 8B7A68ADEE1E16C3879737D0 /* Pods-ShopPickup.debug.xcconfig */;
			buildSettings = {
				ASSETCATALOG_COMPILER_APPICON_NAME = AppIcon;
				ASSETCATALOG_COMPILER_GLOBAL_ACCENT_COLOR_NAME = AccentColor;
				CODE_SIGN_STYLE = Automatic;
				DEVELOPMENT_TEAM = H969998C8C;
				INFOPLIST_FILE = ShopPickup/Info.plist;
				LD_RUNPATH_SEARCH_PATHS = (
					"$(inherited)",
					"@executable_path/Frameworks",
				);
				PRODUCT_BUNDLE_IDENTIFIER = com.thanathip.shopPickup.ShopPickup;
				PRODUCT_NAME = "$(TARGET_NAME)";
				SWIFT_VERSION = 5.0;
				TARGETED_DEVICE_FAMILY = "1,2";
			};
			name = Debug;
		};
		DDBA5D3A252AD5F40016A39A /* Release */ = {
			isa = XCBuildConfiguration;
			baseConfigurationReference = 3F5048BC6C5AF6DE081F0B4C /* Pods-ShopPickup.release.xcconfig */;
			buildSettings = {
				ASSETCATALOG_COMPILER_APPICON_NAME = AppIcon;
				ASSETCATALOG_COMPILER_GLOBAL_ACCENT_COLOR_NAME = AccentColor;
				CODE_SIGN_STYLE = Automatic;
				DEVELOPMENT_TEAM = H969998C8C;
				INFOPLIST_FILE = ShopPickup/Info.plist;
				LD_RUNPATH_SEARCH_PATHS = (
					"$(inherited)",
					"@executable_path/Frameworks",
				);
				PRODUCT_BUNDLE_IDENTIFIER = com.thanathip.shopPickup.ShopPickup;
				PRODUCT_NAME = "$(TARGET_NAME)";
				SWIFT_VERSION = 5.0;
				TARGETED_DEVICE_FAMILY = "1,2";
			};
			name = Release;
		};
		DDBA5D3C252AD5F40016A39A /* Debug */ = {
			isa = XCBuildConfiguration;
			baseConfigurationReference = 2043A82B64A95D4EB8458949 /* Pods-ShopPickupTests.debug.xcconfig */;
			buildSettings = {
				ALWAYS_EMBED_SWIFT_STANDARD_LIBRARIES = YES;
				BUNDLE_LOADER = "$(TEST_HOST)";
				CODE_SIGN_STYLE = Automatic;
				DEVELOPMENT_TEAM = H969998C8C;
				INFOPLIST_FILE = ShopPickupTests/Info.plist;
				IPHONEOS_DEPLOYMENT_TARGET = 14.0;
				LD_RUNPATH_SEARCH_PATHS = (
					"$(inherited)",
					"@executable_path/Frameworks",
					"@loader_path/Frameworks",
				);
				PRODUCT_BUNDLE_IDENTIFIER = com.thanathip.shopPickup.ShopPickupTests;
				PRODUCT_NAME = "$(TARGET_NAME)";
				SWIFT_VERSION = 5.0;
				TARGETED_DEVICE_FAMILY = "1,2";
				TEST_HOST = "$(BUILT_PRODUCTS_DIR)/ShopPickup.app/ShopPickup";
			};
			name = Debug;
		};
		DDBA5D3D252AD5F40016A39A /* Release */ = {
			isa = XCBuildConfiguration;
			baseConfigurationReference = 1031A4490A899D48FEAF698D /* Pods-ShopPickupTests.release.xcconfig */;
			buildSettings = {
				ALWAYS_EMBED_SWIFT_STANDARD_LIBRARIES = YES;
				BUNDLE_LOADER = "$(TEST_HOST)";
				CODE_SIGN_STYLE = Automatic;
				DEVELOPMENT_TEAM = H969998C8C;
				INFOPLIST_FILE = ShopPickupTests/Info.plist;
				IPHONEOS_DEPLOYMENT_TARGET = 14.0;
				LD_RUNPATH_SEARCH_PATHS = (
					"$(inherited)",
					"@executable_path/Frameworks",
					"@loader_path/Frameworks",
				);
				PRODUCT_BUNDLE_IDENTIFIER = com.thanathip.shopPickup.ShopPickupTests;
				PRODUCT_NAME = "$(TARGET_NAME)";
				SWIFT_VERSION = 5.0;
				TARGETED_DEVICE_FAMILY = "1,2";
				TEST_HOST = "$(BUILT_PRODUCTS_DIR)/ShopPickup.app/ShopPickup";
			};
			name = Release;
		};
		DDBA5D3F252AD5F40016A39A /* Debug */ = {
			isa = XCBuildConfiguration;
			baseConfigurationReference = 4CC8B5B5ED425FBE7A5A0605 /* Pods-ShopPickup-ShopPickupUITests.debug.xcconfig */;
			buildSettings = {
				ALWAYS_EMBED_SWIFT_STANDARD_LIBRARIES = YES;
				CODE_SIGN_STYLE = Automatic;
				DEVELOPMENT_TEAM = H969998C8C;
				INFOPLIST_FILE = ShopPickupUITests/Info.plist;
				LD_RUNPATH_SEARCH_PATHS = (
					"$(inherited)",
					"@executable_path/Frameworks",
					"@loader_path/Frameworks",
				);
				PRODUCT_BUNDLE_IDENTIFIER = com.thanathip.shopPickup.ShopPickupUITests;
				PRODUCT_NAME = "$(TARGET_NAME)";
				SWIFT_VERSION = 5.0;
				TARGETED_DEVICE_FAMILY = "1,2";
				TEST_TARGET_NAME = ShopPickup;
			};
			name = Debug;
		};
		DDBA5D40252AD5F40016A39A /* Release */ = {
			isa = XCBuildConfiguration;
			baseConfigurationReference = 26FE360BEC3633BF2B210DEE /* Pods-ShopPickup-ShopPickupUITests.release.xcconfig */;
			buildSettings = {
				ALWAYS_EMBED_SWIFT_STANDARD_LIBRARIES = YES;
				CODE_SIGN_STYLE = Automatic;
				DEVELOPMENT_TEAM = H969998C8C;
				INFOPLIST_FILE = ShopPickupUITests/Info.plist;
				LD_RUNPATH_SEARCH_PATHS = (
					"$(inherited)",
					"@executable_path/Frameworks",
					"@loader_path/Frameworks",
				);
				PRODUCT_BUNDLE_IDENTIFIER = com.thanathip.shopPickup.ShopPickupUITests;
				PRODUCT_NAME = "$(TARGET_NAME)";
				SWIFT_VERSION = 5.0;
				TARGETED_DEVICE_FAMILY = "1,2";
				TEST_TARGET_NAME = ShopPickup;
			};
			name = Release;
		};
/* End XCBuildConfiguration section */

/* Begin XCConfigurationList section */
		DDBA5D09252AD5F20016A39A /* Build configuration list for PBXProject "ShopPickup" */ = {
			isa = XCConfigurationList;
			buildConfigurations = (
				DDBA5D36252AD5F40016A39A /* Debug */,
				DDBA5D37252AD5F40016A39A /* Release */,
			);
			defaultConfigurationIsVisible = 0;
			defaultConfigurationName = Release;
		};
		DDBA5D38252AD5F40016A39A /* Build configuration list for PBXNativeTarget "ShopPickup" */ = {
			isa = XCConfigurationList;
			buildConfigurations = (
				DDBA5D39252AD5F40016A39A /* Debug */,
				DDBA5D3A252AD5F40016A39A /* Release */,
			);
			defaultConfigurationIsVisible = 0;
			defaultConfigurationName = Release;
		};
		DDBA5D3B252AD5F40016A39A /* Build configuration list for PBXNativeTarget "ShopPickupTests" */ = {
			isa = XCConfigurationList;
			buildConfigurations = (
				DDBA5D3C252AD5F40016A39A /* Debug */,
				DDBA5D3D252AD5F40016A39A /* Release */,
			);
			defaultConfigurationIsVisible = 0;
			defaultConfigurationName = Release;
		};
		DDBA5D3E252AD5F40016A39A /* Build configuration list for PBXNativeTarget "ShopPickupUITests" */ = {
			isa = XCConfigurationList;
			buildConfigurations = (
				DDBA5D3F252AD5F40016A39A /* Debug */,
				DDBA5D40252AD5F40016A39A /* Release */,
			);
			defaultConfigurationIsVisible = 0;
			defaultConfigurationName = Release;
		};
/* End XCConfigurationList section */
	};
	rootObject = DDBA5D06252AD5F20016A39A /* Project object */;
}
